
Microsoft Visual Studio Solution File, Format Version 12.00
# Visual Studio Version 16
VisualStudioVersion = 16.0.31313.79
MinimumVisualStudioVersion = 10.0.40219.1
Project("{FAE04EC0-301F-11D3-BF4B-00C04F79EFBC}") = "ContactTrace", "ContactTrace\ContactTrace.csproj", "{5567E229-7166-475C-997E-2F1A24E2050C}"
EndProject
Global
	GlobalSection(SolutionConfigurationPlatforms) = preSolution
		Debug|Any CPU = Debug|Any CPU
		Release|Any CPU = Release|Any CPU
	EndGlobalSection
	GlobalSection(ProjectConfigurationPlatforms) = postSolution
		{5567E229-7166-475C-997E-2F1A24E2050C}.Debug|Any CPU.ActiveCfg = Debug|Any CPU
		{5567E229-7166-475C-997E-2F1A24E2050C}.Debug|Any CPU.Build.0 = Debug|Any CPU
		{5567E229-7166-475C-997E-2F1A24E2050C}.Release|Any CPU.ActiveCfg = Release|Any CPU
		{5567E229-7166-475C-997E-2F1A24E2050C}.Release|Any CPU.Build.0 = Release|Any CPU
	EndGlobalSection
	GlobalSection(SolutionProperties) = preSolution
		HideSolutionNode = FALSE
	EndGlobalSection
	GlobalSection(ExtensibilityGlobals) = postSolution
		SolutionGuid = {1E69363C-5F28-4088-BDFD-855A3E9BAFE5}
	EndGlobalSection
EndGlobal
